# Prisma Migrate lockfile v1

20200520172524-initial
20200520180926-added-unique
20200520185646-added-name-to-tokens
20200520194434-price-float-to-string
20200521124415-bids-price-type-chg
20200523175446-address-unique
20200524150157-added-cha-ind-to-orders
20200608092241-admin-auth
20200614231346-added-notification-schema
20200616222407-schema-name-correction
20200617113745-removed-token-logic
20200715101944-chg-notification-schema
20200715104314-chg-notification-rename-admin
20200715111112-notification-schema-update
20200717200518-notification-schema-change
20200721173148
20200721174744-auction-logic-upgrade
20200722174445-added-buyer-seller-in-order
20200722200442-added-market-price
20200921092236-asset-migrate-table
20200922154628-asset-schema-update
20200928144126-added-blocknumber
20201117005433-added-ethereum-address-field
20201120164733-notification_type
20201124042004-added-order-to-assetmigrate
20201125210100-token-uri-field-added
20201203212944-metatx-enabled
20210106095723-asset-migrate-update
20210106103818-price-float-to-string
20210106141635-added-message-to-assetmigrate
20210107210441-added-usd-price
20210108193022-usdprice-tofloat
20210212100046-erc1155
20210214164751-order-token-type
20210214175301-added-min-price-unit
20210330183050-is-metatx-for-erc20
20210406211206-default-metatx-false
20210407115338-disabled-field-in-category
20210408125925
20210414073104-added-composite-key-category
20210415163425-added-tokens-table
20210416115531-added-tokens-relation
20210420012520-added-name-lowercase
20210421214953-name_lowercase-category