# Prisma Migrate lockfile v1

20200520172524-initial
20200520180926-added-unique
20200520185646-added-name-to-tokens
20200520194434-price-float-to-string
20200521124415-bids-price-type-chg
20200523175446-address-unique
20200524150157-added-cha-ind-to-orders
20200608092241-admin-auth
20200614231346-added-notification-schema